
Microsoft Visual Studio Solution File, Format Version 12.00
# Visual Studio 14
VisualStudioVersion = 14.0.24720.0
MinimumVisualStudioVersion = 10.0.40219.1
Project("{FAE04EC0-301F-11D3-BF4B-00C04F79EFBC}") = "Pencil", "Pencil\Pencil.csproj", "{76D439B9-FEC1-4FAF-844B-6E83F9A7994E}"
EndProject
Project("{FAE04EC0-301F-11D3-BF4B-00C04F79EFBC}") = "Pencil.Tests", "Pencil.Tests\Pencil.Tests.csproj", "{26998E30-0DAF-4142-85D4-8D187E0E6E61}"
EndProject
Global
	GlobalSection(SolutionConfigurationPlatforms) = preSolution
		Debug|Any CPU = Debug|Any CPU
		Release|Any CPU = Release|Any CPU
	EndGlobalSection
	GlobalSection(ProjectConfigurationPlatforms) = postSolution
		{76D439B9-FEC1-4FAF-844B-6E83F9A7994E}.Debug|Any CPU.ActiveCfg = Debug|Any CPU
		{76D439B9-FEC1-4FAF-844B-6E83F9A7994E}.Debug|Any CPU.Build.0 = Debug|Any CPU
		{76D439B9-FEC1-4FAF-844B-6E83F9A7994E}.Release|Any CPU.ActiveCfg = Release|Any CPU
		{76D439B9-FEC1-4FAF-844B-6E83F9A7994E}.Release|Any CPU.Build.0 = Release|Any CPU
		{26998E30-0DAF-4142-85D4-8D187E0E6E61}.Debug|Any CPU.ActiveCfg = Debug|Any CPU
		{26998E30-0DAF-4142-85D4-8D187E0E6E61}.Debug|Any CPU.Build.0 = Debug|Any CPU
		{26998E30-0DAF-4142-85D4-8D187E0E6E61}.Release|Any CPU.ActiveCfg = Release|Any CPU
		{26998E30-0DAF-4142-85D4-8D187E0E6E61}.Release|Any CPU.Build.0 = Release|Any CPU
	EndGlobalSection
	GlobalSection(SolutionProperties) = preSolution
		HideSolutionNode = FALSE
	EndGlobalSection
EndGlobal
